// !$*UTF8*$!
{
	archiveVersion = 1;
	classes = {
	};
	objectVersion = 46;
	objects = {

/* Begin PBXBuildFile section */
		667C371C18118D73002AC75E /* Foundation.framework in Frameworks */ = {isa = PBXBuildFile; fileRef = 667C371B18118D73002AC75E /*  Foundation.framework */; };
		667C371E18118D73002AC75E /* CoreGraphics.framework in Frameworks */ = {isa = PBXBuildFile; fileRef = 667C371D18118D73002AC75E /* CoreGraphics.framework */; };
		667C372018118D73002AC75E /* UIKit.framework in Frameworks */ = {isa = PBXBuildFile; fileRef = 667C371F18118D73002AC75E /* UIKit.framework */; };
		667C372618118D73002AC75E /* InfoPlist.strings in Resources */ = {isa = PBXBuildFile; fileRef = 667C372418118D73002AC75E /* InfoPlist.strings */; };
		667C372818118D73002AC75E /* main.m in Sources */ = {isa = PBXBuildFile; fileRef = 667C372718118D73002AC75E /* main.m */; };
		667C372C18118D73002AC75E /* AppDelegate.m in Sources */ = {isa = PBXBuildFile; fileRef = 667C372B18118D73002AC75E /* AppDelegate.m */; };
		667C372F18118D73002AC75E /* Main.storyboard in Resources */ = {isa = PBXBuildFile; fileRef = 667C372D18118D73002AC75E /* Main.storyboard */; };
		667C373218118D73002AC75E /* ViewController.m in Sources */ = {isa = PBXBuildFile; fileRef = 667C373118118D73002AC75E /* ViewController.m */; };
		667C373418118D73002AC75E /* Images.xcassets in Resources */ = {isa = PBXBuildFile; fileRef = 667C373318118D73002AC75E /* Images.xcassets */; };
		667C373B18118D73002AC75E /* XCTest.framework in Frameworks */ = {isa = PBXBuildFile; fileRef = 667C373A18118D73002AC75E /* XCTest.framework */; };
		667C373C18118D73002AC75E /* Foundation.framework in Frameworks */ = {isa = PBXBuildFile; fileRef = 667C371B18118D73002AC75E /* Foundation.framework */; };
		667C373D18118D73002AC75E /* UIKit.framework in Frameworks */ = {isa = PBXBuildFile; fileRef = 667C371F18118D73002AC75E /* UIKit.framework */; };
		667C374518118D73002AC75E /* InfoPlist.strings in Resources */ = {isa = PBXBuildFile; fileRef = 667C374318118D73002AC75E /* InfoPlist.strings */; };
		667C374718118D73002AC75E /* ReadFileTests.m in Sources */ = {isa = PBXBuildFile; fileRef = 667C374618118D73002AC75E /* ReadFileTests.m */; };
		667C375118118DC0002AC75E /* putin.txt in Resources */ = {isa = PBXBuildFile; fileRef = 667C375018118DC0002AC75E /* putin.txt */; };
/* End PBXBuildFile section */

/* Begin PBXContainerItemProxy section */
		667C373E18118D73002AC75E /* PBXContainerItemProxy */ = {
			isa = PBXContainerItemProxy;
			containerPortal = 667C371018118D73002AC75E /* Project object */;
			proxyType = 1;
			remoteGlobalIDString = 667C371718118D73002AC75E;
			remoteInfo = ReadFile;
		};
/* End PBXContainerItemProxy section */

/* Begin PBXFileReference section */
		667C371818118D73002AC75E /* ReadFile.app */ = {isa = PBXFileReference; explicitFileType = wrapper.application; includeInIndex = 0; path = ReadFile.app; sourceTree = BUILT_PRODUCTS_DIR; };
		667C371B18118D73002AC75E /* Foundation.framework */ = {isa = PBXFileReference; lastKnownFileType = wrapper.framework; name = Foundation.framework; path = System/Library/Frameworks/Foundation.framework; sourceTree = SDKROOT; };
		667C371D18118D73002AC75E /* CoreGraphics.framework */ = {isa = PBXFileReference; lastKnownFileType = wrapper.framework; name = CoreGraphics.framework; path = System/Library/Frameworks/CoreGraphics.framework; sourceTree = SDKROOT; };
		667C371F18118D73002AC75E /* UIKit.framework */ = {isa = PBXFileReference; lastKnownFileType = wrapper.framework; name = UIKit.framework; path = System/Library/Frameworks/UIKit.framework; sourceTree = SDKROOT; };
		667C372318118D73002AC75E /* ReadFile-Info.plist */ = {isa = PBXFileReference; lastKnownFileType = text.plist.xml; path = "ReadFile-Info.plist"; sourceTree = "<group>"; };
		667C372518118D73002AC75E /* en */ = {isa = PBXFileReference; lastKnownFileType = text.plist.strings; name = en; path = en.lproj/InfoPlist.strings; sourceTree = "<group>"; };
		667C372718118D73002AC75E /* main.m */ = {isa = PBXFileReference; lastKnownFileType = sourcecode.c.objc; path = main.m; sourceTree = "<group>"; };
		667C372918118D73002AC75E /* ReadFile-Prefix.pch */ = {isa = PBXFileReference; lastKnownFileType = sourcecode.c.h; path = "ReadFile-Prefix.pch"; sourceTree = "<group>"; };
		667C372A18118D73002AC75E /* AppDelegate.h */ = {isa = PBXFileReference; lastKnownFileType = sourcecode.c.h; path = AppDelegate.h; sourceTree = "<group>"; };
		667C372B18118D73002AC75E /* AppDelegate.m */ = {isa = PBXFileReference; lastKnownFileType = sourcecode.c.objc; path = AppDelegate.m; sourceTree = "<group>"; };
		667C372E18118D73002AC75E /* Base */ = {isa = PBXFileReference; lastKnownFileType = file.storyboard; name = Base; path = Base.lproj/Main.storyboard; sourceTree = "<group>"; };
		667C373018118D73002AC75E /* ViewController.h */ = {isa = PBXFileReference; lastKnownFileType = sourcecode.c.h; path = ViewController.h; sourceTree = "<group>"; };
		667C373118118D73002AC75E /* ViewController.m */ = {isa = PBXFileReference; lastKnownFileType = sourcecode.c.objc; path = ViewController.m; sourceTree = "<group>"; };
		667C373318118D73002AC75E /* Images.xcassets */ = {isa = PBXFileReference; lastKnownFileType = folder.assetcatalog; path = Images.xcassets; sourceTree = "<group>"; };
		667C373918118D73002AC75E /* ReadFileTests.xctest */ = {isa = PBXFileReference; explicitFileType = wrapper.cfbundle; includeInIndex = 0; path = ReadFileTests.xctest; sourceTree = BUILT_PRODUCTS_DIR; };
		667C373A18118D73002AC75E /* XCTest.framework */ = {isa = PBXFileReference; lastKnownFileType = wrapper.framework; name = XCTest.framework; path = Library/Frameworks/XCTest.framework; sourceTree = DEVELOPER_DIR; };
		667C374218118D73002AC75E /* ReadFileTests-Info.plist */ = {isa = PBXFileReference; lastKnownFileType = text.plist.xml; path = "ReadFileTests-Info.plist"; sourceTree = "<group>"; };
		667C374418118D73002AC75E /* en */ = {isa = PBXFileReference; lastKnownFileType = text.plist.strings; name = en; path = en.lproj/InfoPlist.strings; sourceTree = "<group>"; };
		667C374618118D73002AC75E /* ReadFileTests.m */ = {isa = PBXFileReference; lastKnownFileType = sourcecode.c.objc; path = ReadFileTests.m; sourceTree = "<group>"; };
		667C375018118DC0002AC75E /* putin.txt */ = {isa = PBXFileReference; fileEncoding = 4; lastKnownFileType = text; path = putin.txt; sourceTree = "<group>"; };
/* End PBXFileReference section */

/* Begin PBXFrameworksBuildPhase section */
		667C371518118D73002AC75E /* Frameworks */ = {
			isa = PBXFrameworksBuildPhase;
			buildActionMask = 2147483647;
			files = (
				667C371E18118D73002AC75E /* CoreGraphics.framework in Frameworks */,
				667C372018118D73002AC75E /* UIKit.framework in Frameworks */,
				667C371C18118D73002AC75E /* Foundation.framework in Frameworks */,
			);
			runOnlyForDeploymentPostprocessing = 0;
		};
		667C373618118D73002AC75E /* Frameworks */ = {
			isa = PBXFrameworksBuildPhase;
			buildActionMask = 2147483647;
			files = (
				667C373B18118D73002AC75E /* XCTest.framework in Frameworks */,
				667C373D18118D73002AC75E /* UIKit.framework in Frameworks */,
				667C373C18118D73002AC75E /* Foundation.framework in Frameworks */,
			);
			runOnlyForDeploymentPostprocessing = 0;
		};
/* End PBXFrameworksBuildPhase section */

/* Begin PBXGroup section */
		667C370F18118D73002AC75E = {
			isa = PBXGroup;
			children = (
				667C372118118D73002AC75E /* ReadFile */,
				667C374018118D73002AC75E /* ReadFileTests */,
				667C371A18118D73002AC75E /* Frameworks */,
				667C371918118D73002AC75E /* Products */,
			);
			sourceTree = "<group>";
		};
		667C371918118D73002AC75E /* Products */ = {
			isa = PBXGroup;
			children = (
				667C371818118D73002AC75E /* ReadFile.app */,
				667C373918118D73002AC75E /* ReadFileTests.xctest */,
			);
			name = Products;
			sourceTree = "<group>";
		};
		667C371A18118D73002AC75E /* Frameworks */ = {
			isa = PBXGroup;
			children = (
				667C371B18118D73002AC75E /* Foundation.framework */,
				667C371D18118D73002AC75E /* CoreGraphics.framework */,
				667C371F18118D73002AC75E /* UIKit.framework */,
				667C373A18118D73002AC75E /* XCTest.framework */,
			);
			name = Frameworks;
			sourceTree = "<group>";
		};
		667C372118118D73002AC75E /* ReadFile */ = {
			isa = PBXGroup;
			children = (
				667C372A18118D73002AC75E /* AppDelegate.h */,
				667C372B18118D73002AC75E /* AppDelegate.m */,
				667C372D18118D73002AC75E /* Main.storyboard */,
				667C373018118D73002AC75E /* ViewController.h */,
				667C373118118D73002AC75E /* ViewController.m */,
				667C373318118D73002AC75E /* Images.xcassets */,
				667C372218118D73002AC75E /* Supporting Files */,
				667C375018118DC0002AC75E /* putin.txt */,
			);
			path = ReadFile;
			sourceTree = "<group>";
		};
		667C372218118D73002AC75E /* Supporting Files */ = {
			isa = PBXGroup;
			children = (
				667C372318118D73002AC75E /* ReadFile-Info.plist */,
				667C372418118D73002AC75E /* InfoPlist.strings */,
				667C372718118D73002AC75E /* main.m */,
				667C372918118D73002AC75E /* ReadFile-Prefix.pch */,
			);
			name = "Supporting Files";
			sourceTree = "<group>";
		};
		667C374018118D73002AC75E /* ReadFileTests */ = {
			isa = PBXGroup;
			children = (
				667C374618118D73002AC75E /* ReadFileTests.m */,
				667C374118118D73002AC75E /* Supporting Files */,
			);
			path = ReadFileTests;
			sourceTree = "<group>";
		};
		667C374118118D73002AC75E /* Supporting Files */ = {
			isa = PBXGroup;
			children = (
				667C374218118D73002AC75E /* ReadFileTests-Info.plist */,
				667C374318118D73002AC75E /* InfoPlist.strings */,
			);
			name = "Supporting Files";
			sourceTree = "<group>";
		};
/* End PBXGroup section */

/* Begin PBXNativeTarget section */
		667C371718118D73002AC75E /* ReadFile */ = {
			isa = PBXNativeTarget;
			buildConfigurationList = 667C374A18118D73002AC75E /* Build configuration list for PBXNativeTarget "ReadFile" */;
			buildPhases = (
				667C371418118D73002AC75E /* Sources */,
				667C371518118D73002AC75E /* Frameworks */,
				667C371618118D73002AC75E /* Resources */,
			);
			buildRules = (
			);
			dependencies = (
			);
			name = ReadFile;
			productName = ReadFile;
			productReference = 667C371818118D73002AC75E /* ReadFile.app */;
			productType = "com.apple.product-type.application";
		};
		667C373818118D73002AC75E /* ReadFileTests */ = {
			isa = PBXNativeTarget;
			buildConfigurationList = 667C374D18118D73002AC75E /* Build configuration list for PBXNativeTarget "ReadFileTests" */;
			buildPhases = (
				667C373518118D73002AC75E /* Sources */,
				667C373618118D73002AC75E /* Frameworks */,
				667C373718118D73002AC75E /* Resources */,
			);
			buildRules = (
			);
			dependencies = (
				667C373F18118D73002AC75E /* PBXTargetDependency */,
			);
			name = ReadFileTests;
			productName = ReadFileTests;
			productReference = 667C373918118D73002AC75E /* ReadFileTests.xctest */;
			productType = "com.apple.product-type.bundle.unit-test";
		};
/* End PBXNativeTarget section */

/* Begin PBXProject section */
		667C371018118D73002AC75E /* Project object */ = {
			isa = PBXProject;
			attributes = {
				LastUpgradeCheck = 0500;
				ORGANIZATIONNAME = MAC;
				TargetAttributes = {
					667C373818118D73002AC75E = {
						TestTargetID = 667C371718118D73002AC75E;
					};
				};
			};
			buildConfigurationList = 667C371318118D73002AC75E /* Build configuration list for PBXProject "ReadFile" */;
			compatibilityVersion = "Xcode 3.2";
			developmentRegion = English;
			hasScannedForEncodings = 0;
			knownRegions = (
				en,
				Base,
			);
			mainGroup = 667C370F18118D73002AC75E;
			productRefGroup = 667C371918118D73002AC75E /* Products */;
			projectDirPath = "";
			projectRoot = "";
			targets = (
				667C371718118D73002AC75E /* ReadFile */,
				667C373818118D73002AC75E /* ReadFileTests */,
			);
		};
/* End PBXProject section */

/* Begin PBXResourcesBuildPhase section */
		667C371618118D73002AC75E /* Resources */ = {
			isa = PBXResourcesBuildPhase;
			buildActionMask = 2147483647;
			files = (
				667C373418118D73002AC75E /* Images.xcassets in Resources */,
				667C372618118D73002AC75E /* InfoPlist.strings in Resources */,
				667C372F18118D73002AC75E /* Main.storyboard in Resources */,
				667C375118118DC0002AC75E /* putin.txt in Resources */,
			);
			runOnlyForDeploymentPostprocessing = 0;
		};
		667C373718118D73002AC75E /* Resources */ = {
			isa = PBXResourcesBuildPhase;
			buildActionMask = 2147483647;
			files = (
				667C374518118D73002AC75E /* InfoPlist.strings in Resources */,
			);
			runOnlyForDeploymentPostprocessing = 0;
		};
/* End PBXResourcesBuildPhase section */

/* Begin PBXSourcesBuildPhase section */
		667C371418118D73002AC75E /* Sources */ = {
			isa = PBXSourcesBuildPhase;
			buildActionMask = 2147483647;
			files = (
				667C373218118D73002AC75E /* ViewController.m in Sources */,
				667C372C18118D73002AC75E /* AppDelegate.m in Sources */,
				667C372818118D73002AC75E /* main.m in Sources */,
			);
			runOnlyForDeploymentPostprocessing = 0;
		};
		667C373518118D73002AC75E /* Sources */ = {
			isa = PBXSourcesBuildPhase;
			buildActionMask = 2147483647;
			files = (
				667C374718118D73002AC75E /* ReadFileTests.m in Sources */,
			);
			runOnlyForDeploymentPostprocessing = 0;
		};
/* End PBXSourcesBuildPhase section */

/* Begin PBXTargetDependency section */
		667C373F18118D73002AC75E /* PBXTargetDependency */ = {
			isa = PBXTargetDependency;
			target = 667C371718118D73002AC75E /* ReadFile */;
			targetProxy = 667C373E18118D73002AC75E /* PBXContainerItemProxy */;
		};
/* End PBXTargetDependency section */

/* Begin PBXVariantGroup section */
		667C372418118D73002AC75E /* InfoPlist.strings */ = {
			isa = PBXVariantGroup;
			children = (
				667C372518118D73002AC75E /* en */,
			);
			name = InfoPlist.strings;
			sourceTree = "<group>";
		};
		667C372D18118D73002AC75E /* Main.storyboard */ = {
			isa = PBXVariantGroup;
			children = (
				667C372E18118D73002AC75E /* Base */,
			);
			name = Main.storyboard;
			sourceTree = "<group>";
		};
		667C374318118D73002AC75E /* InfoPlist.strings */ = {
			isa = PBXVariantGroup;
			children = (
				667C374418118D73002AC75E /* en */,
			);
			name = InfoPlist.strings;
			sourceTree = "<group>";
		};
/* End PBXVariantGroup section */

/* Begin XCBuildConfiguration section */
		667C374818118D73002AC75E /* Debug */ = {
			isa = XCBuildConfiguration;
			buildSettings = {
				ALWAYS_SEARCH_USER_PATHS = NO;
				ARCHS = "$(ARCHS_STANDARD_INCLUDING_64_BIT)";
				CLANG_CXX_LANGUAGE_STANDARD = "gnu++0x";
				CLANG_CXX_LIBRARY = "libc++";
				CLANG_ENABLE_MODULES = YES;
				CLANG_ENABLE_OBJC_ARC = YES;
				CLANG_WARN_BOOL_CONVERSION = YES;
				CLANG_WARN_CONSTANT_CONVERSION = YES;
				CLANG_WARN_DIRECT_OBJC_ISA_USAGE = YES_ERROR;
				CLANG_WARN_EMPTY_BODY = YES;
				CLANG_WARN_ENUM_CONVERSION = YES;
				CLANG_WARN_INT_CONVERSION = YES;
				CLANG_WARN_OBJC_ROOT_CLASS = YES_ERROR;
				CLANG_WARN__DUPLICATE_METHOD_MATCH = YES;
				"CODE_SIGN_IDENTITY[sdk=iphoneos*]" = "iPhone Developer";
				COPY_PHASE_STRIP = NO;
				GCC_C_LANGUAGE_STANDARD = gnu99;
				GCC_DYNAMIC_NO_PIC = NO;
				GCC_OPTIMIZATION_LEVEL = 0;
				GCC_PREPROCESSOR_DEFINITIONS = (
					"DEBUG=1",
					"$(inherited)",
				);
				GCC_SYMBOLS_PRIVATE_EXTERN = NO;
				GCC_WARN_64_TO_32_BIT_CONVERSION = YES;
				GCC_WARN_ABOUT_RETURN_TYPE = YES_ERROR;
				GCC_WARN_UNDECLARED_SELECTOR = YES;
				GCC_WARN_UNINITIALIZED_AUTOS = YES;
				GCC_WARN_UNUSED_FUNCTION = YES;
				GCC_WARN_UNUSED_VARIABLE = YES;
				IPHONEOS_DEPLOYMENT_TARGET = 7.0;
				ONLY_ACTIVE_ARCH = YES;
				SDKROOT = iphoneos;
			};
			name = Debug;
		};
		667C374918118D73002AC75E /* Release */ = {
			isa = XCBuildConfiguration;
			buildSettings = {
				ALWAYS_SEARCH_USER_PATHS = NO;
				ARCHS = "$(ARCHS_STANDARD_INCLUDING_64_BIT)";
				CLANG_CXX_LANGUAGE_STANDARD = "gnu++0x";
				CLANG_CXX_LIBRARY = "libc++";
				CLANG_ENABLE_MODULES = YES;
				CLANG_ENABLE_OBJC_ARC = YES;
				CLANG_WARN_BOOL_CONVERSION = YES;
				CLANG_WARN_CONSTANT_CONVERSION = YES;
				CLANG_WARN_DIRECT_OBJC_ISA_USAGE = YES_ERROR;
				CLANG_WARN_EMPTY_BODY = YES;
				CLANG_WARN_ENUM_CONVERSION = YES;
				CLANG_WARN_INT_CONVERSION = YES;
				CLANG_WARN_OBJC_ROOT_CLASS = YES_ERROR;
				CLANG_WARN__DUPLICATE_METHOD_MATCH = YES;
				"CODE_SIGN_IDENTITY[sdk=iphoneos*]" = "iPhone Developer";
				COPY_PHASE_STRIP = YES;
				ENABLE_NS_ASSERTIONS = NO;
				GCC_C_LANGUAGE_STANDARD = gnu99;
				GCC_WARN_64_TO_32_BIT_CONVERSION = YES;
				GCC_WARN_ABOUT_RETURN_TYPE = YES_ERROR;
				GCC_WARN_UNDECLARED_SELECTOR = YES;
				GCC_WARN_UNINITIALIZED_AUTOS = YES;
				GCC_WARN_UNUSED_FUNCTION = YES;
				GCC_WARN_UNUSED_VARIABLE = YES;
				IPHONEOS_DEPLOYMENT_TARGET = 7.0;
				SDKROOT = iphoneos;
				VALIDATE_PRODUCT = YES;
			};
			name = Release;
		};
		667C374B18118D73002AC75E /* Debug */ = {
			isa = XCBuildConfiguration;
			buildSettings = {
				ASSETCATALOG_COMPILER_APPICON_NAME = AppIcon;
				ASSETCATALOG_COMPILER_LAUNCHIMAGE_NAME = LaunchImage;
				GCC_PRECOMPILE_PREFIX_HEADER = YES;
				GCC_PREFIX_HEADER = "ReadFile/ReadFile-Prefix.pch";
				INFOPLIST_FILE = "ReadFile/ReadFile-Info.plist";
				PRODUCT_NAME = "$(TARGET_NAME)";
				WRAPPER_EXTENSION = app;
			};
			name = Debug;
		};
		667C374C18118D73002AC75E /* Release */ = {
			isa = XCBuildConfiguration;
			buildSettings = {
				ASSETCATALOG_COMPILER_APPICON_NAME = AppIcon;
				ASSETCATALOG_COMPILER_LAUNCHIMAGE_NAME = LaunchImage;
				GCC_PRECOMPILE_PREFIX_HEADER = YES;
				GCC_PREFIX_HEADER = "ReadFile/ReadFile-Prefix.pch";
				INFOPLIST_FILE = "ReadFile/ReadFile-Info.plist";
				PRODUCT_NAME = "$(TARGET_NAME)";
				WRAPPER_EXTENSION = app;
			};
			name = Release;
		};
		667C374E18118D73002AC75E /* Debug */ = {
			isa = XCBuildConfiguration;
			buildSettings = {
				ARCHS = "$(ARCHS_STANDARD_INCLUDING_64_BIT)";
				BUNDLE_LOADER = "$(BUILT_PRODUCTS_DIR)/ReadFile.app/ReadFile";
				FRAMEWORK_SEARCH_PATHS = (
					"$(SDKROOT)/Developer/Library/Frameworks",
					"$(inherited)",
					"$(DEVELOPER_FRAMEWORKS_DIR)",
				);
				GCC_PRECOMPILE_PREFIX_HEADER = YES;
				GCC_PREFIX_HEADER = "ReadFile/ReadFile-Prefix.pch";
				GCC_PREPROCESSOR_DEFINITIONS = (
					"DEBUG=1",
					"$(inherited)",
				);
				INFOPLIST_FILE = "ReadFileTests/ReadFileTests-Info.plist";
				PRODUCT_NAME = "$(TARGET_NAME)";
				TEST_HOST = "$(BUNDLE_LOADER)";
				WRAPPER_EXTENSION = xctest;
			};
			name = Debug;
		};
		667C374F18118D73002AC75E /* Release */ = {
			isa = XCBuildConfiguration;
			buildSettings = {
				ARCHS = "$(ARCHS_STANDARD_INCLUDING_64_BIT)";
				BUNDLE_LOADER = "$(BUILT_PRODUCTS_DIR)/ReadFile.app/ReadFile";
				FRAMEWORK_SEARCH_PATHS = (
					"$(SDKROOT)/Developer/Library/Frameworks",
					"$(inherited)",
					"$(DEVELOPER_FRAMEWORKS_DIR)",
				);
				GCC_PRECOMPILE_PREFIX_HEADER = YES;
				GCC_PREFIX_HEADER = "ReadFile/ReadFile-Prefix.pch";
				INFOPLIST_FILE = "ReadFileTests/ReadFileTests-Info.plist";
				PRODUCT_NAME = "$(TARGET_NAME)";
				TEST_HOST = "$(BUNDLE_LOADER)";
				WRAPPER_EXTENSION = xctest;
			};
			name = Release;
		};
/* End XCBuildConfiguration section */

/* Begin XCConfigurationList section */
		667C371318118D73002AC75E /* Build configuration list for PBXProject "ReadFile" */ = {
			isa = XCConfigurationList;
			buildConfigurations = (
				667C374818118D73002AC75E /* Debug */,
				667C374918118D73002AC75E /* Release */,
			);
			defaultConfigurationIsVisible = 0;
			defaultConfigurationName = Release;
		};
		667C374A18118D73002AC75E /* Build configuration list for PBXNativeTarget "ReadFile" */ = {
			isa = XCConfigurationList;
			buildConfigurations = (
				667C374B18118D73002AC75E /* Debug */,
				667C374C18118D73002AC75E /* Release */,
			);
			defaultConfigurationIsVisible = 0;
		};
		667C374D18118D73002AC75E /* Build configuration list for PBXNativeTarget "ReadFileTests" */ = {
			isa = XCConfigurationList;
			buildConfigurations = (
				667C374E18118D73002AC75E /* Debug */,
				667C374F18118D73002AC75E /* Release */,
			);
			defaultConfigurationIsVisible = 0;
		};
/* End XCConfigurationList section */
	};
	rootObject = 667C371018118D73002AC75E /* Project object */;
}
