// !$*UTF8*$!
{
	archiveVersion = 1;
	classes = {
	};
	objectVersion = 46;
	objects = {

/* Begin PBXBuildFile section */
		66080830181D286F004E3C33 /* ViewController2.m in Sources */ = {isa = PBXBuildFile; fileRef = 6608082F181D286F004E3C33 /* ViewController2.m */; };
		66FC1C27181CBD49009136E3 /* Foundation.framework in Frameworks */ = {isa = PBXBuildFile; fileRef = 66FC1C26181CBD49009136E3 /* Foundation.framework */; };
		66FC1C29181CBD49009136E3 /* CoreGraphics.framework in Frameworks */ = {isa = PBXBuildFile; fileRef = 66FC1C28181CBD49009136E3 /* CoreGraphics.framework */; };
		66FC1C2B181CBD49009136E3 /* UIKit.framework in Frameworks */ = {isa = PBXBuildFile; fileRef = 66FC1C2A181CBD49009136E3 /* UIKit.framework */; };
		66FC1C31181CBD49009136E3 /* InfoPlist.strings in Resources */ = {isa = PBXBuildFile; fileRef = 66FC1C2F181CBD49009136E3 /* InfoPlist.strings */; };
		66FC1C33181CBD49009136E3 /* main.m in Sources */ = {isa = PBXBuildFile; fileRef = 66FC1C32181CBD49009136E3 /* main.m */; };
		66FC1C37181CBD49009136E3 /* AppDelegate.m in Sources */ = {isa = PBXBuildFile; fileRef = 66FC1C36181CBD49009136E3 /* AppDelegate.m */; };
		66FC1C3A181CBD49009136E3 /* Main.storyboard in Resources */ = {isa = PBXBuildFile; fileRef = 66FC1C38181CBD49009136E3 /* Main.storyboard */; };
		66FC1C3D181CBD49009136E3 /* ViewController.m in Sources */ = {isa = PBXBuildFile; fileRef = 66FC1C3C181CBD49009136E3 /* ViewController.m */; };
		66FC1C3F181CBD49009136E3 /* Images.xcassets in Resources */ = {isa = PBXBuildFile; fileRef = 66FC1C3E181CBD49009136E3 /* Images.xcassets */; };
		66FC1C46181CBD49009136E3 /* XCTest.framework in Frameworks */ = {isa = PBXBuildFile; fileRef = 66FC1C45181CBD49009136E3 /* XCTest.framework */; };
		66FC1C47181CBD49009136E3 /* Foundation.framework in Frameworks */ = {isa = PBXBuildFile; fileRef = 66FC1C26181CBD49009136E3 /* Foundation.framework */; };
		66FC1C48181CBD49009136E3 /* UIKit.framework in Frameworks */ = {isa = PBXBuildFile; fileRef = 66FC1C2A181CBD49009136E3 /* UIKit.framework */; };
		66FC1C50181CBD49009136E3 /* InfoPlist.strings in Resources */ = {isa = PBXBuildFile; fileRef = 66FC1C4E181CBD49009136E3 /* InfoPlist.strings */; };
		66FC1C52181CBD49009136E3 /* Day09Tests.m in Sources */ = {isa = PBXBuildFile; fileRef = 66FC1C51181CBD49009136E3 /* Day09Tests.m */; };
		66FC1C5D181CBD9B009136E3 /* ViewController1.m in Sources */ = {isa = PBXBuildFile; fileRef = 66FC1C5C181CBD9B009136E3 /* ViewController1.m */; };
/* End PBXBuildFile section */

/* Begin PBXContainerItemProxy section */
		66FC1C49181CBD49009136E3 /* PBXContainerItemProxy */ = {
			isa = PBXContainerItemProxy;
			containerPortal = 66FC1C1B181CBD49009136E3 /* Project object */;
			proxyType = 1;
			remoteGlobalIDString = 66FC1C22181CBD49009136E3;
			remoteInfo = Day09;
		};
/* End PBXContainerItemProxy section */

/* Begin PBXFileReference section */
		6608082E181D286F004E3C33 /* ViewController2.h */ = {isa = PBXFileReference; fileEncoding = 4; lastKnownFileType = sourcecode.c.h; path = ViewController2.h; sourceTree = "<group>"; };
		6608082F181D286F004E3C33 /* ViewController2.m */ = {isa = PBXFileReference; fileEncoding = 4; lastKnownFileType = sourcecode.c.objc; path = ViewController2.m; sourceTree = "<group>"; };
		66FC1C23181CBD49009136E3 /* Day09.app */ = {isa = PBXFileReference; explicitFileType = wrapper.application; includeInIndex = 0; path = Day09.app; sourceTree = BUILT_PRODUCTS_DIR; };
		66FC1C26181CBD49009136E3 /* Foundation.framework */ = {isa = PBXFileReference; lastKnownFileType = wrapper.framework; name = Foundation.framework; path = System/Library/Frameworks/Foundation.framework; sourceTree = SDKROOT; };
		66FC1C28181CBD49009136E3 /* CoreGraphics.framework */ = {isa = PBXFileReference; lastKnownFileType = wrapper.framework; name = CoreGraphics.framework; path = System/Library/Frameworks/CoreGraphics.framework; sourceTree = SDKROOT; };
		66FC1C2A181CBD49009136E3 /* UIKit.framework */ = {isa = PBXFileReference; lastKnownFileType = wrapper.framework; name = UIKit.framework; path = System/Library/Frameworks/UIKit.framework; sourceTree = SDKROOT; };
		66FC1C2E181CBD49009136E3 /* Day09-Info.plist */ = {isa = PBXFileReference; lastKnownFileType = text.plist.xml; path = "Day09-Info.plist"; sourceTree = "<group>"; };
		66FC1C30181CBD49009136E3 /* en */ = {isa = PBXFileReference; lastKnownFileType = text.plist.strings; name = en; path = en.lproj/InfoPlist.strings; sourceTree = "<group>"; };
		66FC1C32181CBD49009136E3 /* main.m */ = {isa = PBXFileReference; lastKnownFileType = sourcecode.c.objc; path = main.m; sourceTree = "<group>"; };
		66FC1C34181CBD49009136E3 /* Day09-Prefix.pch */ = {isa = PBXFileReference; lastKnownFileType = sourcecode.c.h; path = "Day09-Prefix.pch"; sourceTree = "<group>"; };
		66FC1C35181CBD49009136E3 /* AppDelegate.h */ = {isa = PBXFileReference; lastKnownFileType = sourcecode.c.h; path = AppDelegate.h; sourceTree = "<group>"; };
		66FC1C36181CBD49009136E3 /* AppDelegate.m */ = {isa = PBXFileReference; lastKnownFileType = sourcecode.c.objc; path = AppDelegate.m; sourceTree = "<group>"; };
		66FC1C39181CBD49009136E3 /* Base */ = {isa = PBXFileReference; lastKnownFileType = file.storyboard; name = Base; path = Base.lproj/Main.storyboard; sourceTree = "<group>"; };
		66FC1C3B181CBD49009136E3 /* ViewController.h */ = {isa = PBXFileReference; lastKnownFileType = sourcecode.c.h; path = ViewController.h; sourceTree = "<group>"; };
		66FC1C3C181CBD49009136E3 /* ViewController.m */ = {isa = PBXFileReference; lastKnownFileType = sourcecode.c.objc; path = ViewController.m; sourceTree = "<group>"; };
		66FC1C3E181CBD49009136E3 /* Images.xcassets */ = {isa = PBXFileReference; lastKnownFileType = folder.assetcatalog; path = Images.xcassets; sourceTree = "<group>"; };
		66FC1C44181CBD49009136E3 /* Day09Tests.xctest */ = {isa = PBXFileReference; explicitFileType = wrapper.cfbundle; includeInIndex = 0; path = Day09Tests.xctest; sourceTree = BUILT_PRODUCTS_DIR; };
		66FC1C45181CBD49009136E3 /* XCTest.framework */ = {isa = PBXFileReference; lastKnownFileType = wrapper.framework; name = XCTest.framework; path = Library/Frameworks/XCTest.framework; sourceTree = DEVELOPER_DIR; };
		66FC1C4D181CBD49009136E3 /* Day09Tests-Info.plist */ = {isa = PBXFileReference; lastKnownFileType = text.plist.xml; path = "Day09Tests-Info.plist"; sourceTree = "<group>"; };
		66FC1C4F181CBD49009136E3 /* en */ = {isa = PBXFileReference; lastKnownFileType = text.plist.strings; name = en; path = en.lproj/InfoPlist.strings; sourceTree = "<group>"; };
		66FC1C51181CBD49009136E3 /* Day09Tests.m */ = {isa = PBXFileReference; lastKnownFileType = sourcecode.c.objc; path = Day09Tests.m; sourceTree = "<group>"; };
		66FC1C5B181CBD9B009136E3 /* ViewController1.h */ = {isa = PBXFileReference; fileEncoding = 4; lastKnownFileType = sourcecode.c.h; path = ViewController1.h; sourceTree = "<group>"; };
		66FC1C5C181CBD9B009136E3 /* ViewController1.m */ = {isa = PBXFileReference; fileEncoding = 4; lastKnownFileType = sourcecode.c.objc; path = ViewController1.m; sourceTree = "<group>"; };
/* End PBXFileReference section */

/* Begin PBXFrameworksBuildPhase section */
		66FC1C20181CBD49009136E3 /* Frameworks */ = {
			isa = PBXFrameworksBuildPhase;
			buildActionMask = 2147483647;
			files = (
				66FC1C29181CBD49009136E3 /* CoreGraphics.framework in Frameworks */,
				66FC1C2B181CBD49009136E3 /* UIKit.framework in Frameworks */,
				66FC1C27181CBD49009136E3 /* Foundation.framework in Frameworks */,
			);
			runOnlyForDeploymentPostprocessing = 0;
		};
		66FC1C41181CBD49009136E3 /* Frameworks */ = {
			isa = PBXFrameworksBuildPhase;
			buildActionMask = 2147483647;
			files = (
				66FC1C46181CBD49009136E3 /* XCTest.framework in Frameworks */,
				66FC1C48181CBD49009136E3 /* UIKit.framework in Frameworks */,
				66FC1C47181CBD49009136E3 /* Foundation.framework in Frameworks */,
			);
			runOnlyForDeploymentPostprocessing = 0;
		};
/* End PBXFrameworksBuildPhase section */

/* Begin PBXGroup section */
		66FC1C1A181CBD49009136E3 = {
			isa = PBXGroup;
			children = (
				66FC1C2C181CBD49009136E3 /* Day09 */,
				66FC1C4B181CBD49009136E3 /* Day09Tests */,
				66FC1C25181CBD49009136E3 /* Frameworks */,
				66FC1C24181CBD49009136E3 /* Products */,
			);
			sourceTree = "<group>";
		};
		66FC1C24181CBD49009136E3 /* Products */ = {
			isa = PBXGroup;
			children = (
				66FC1C23181CBD49009136E3 /* Day09.app */,
				66FC1C44181CBD49009136E3 /* Day09Tests.xctest */,
			);
			name = Products;
			sourceTree = "<group>";
		};
		66FC1C25181CBD49009136E3 /* Frameworks */ = {
			isa = PBXGroup;
			children = (
				66FC1C26181CBD49009136E3 /* Foundation.framework */,
				66FC1C28181CBD49009136E3 /* CoreGraphics.framework */,
				66FC1C2A181CBD49009136E3 /* UIKit.framework */,
				66FC1C45181CBD49009136E3 /* XCTest.framework */,
			);
			name = Frameworks;
			sourceTree = "<group>";
		};
		66FC1C2C181CBD49009136E3 /* Day09 */ = {
			isa = PBXGroup;
			children = (
				66FC1C35181CBD49009136E3 /* AppDelegate.h */,
				66FC1C36181CBD49009136E3 /* AppDelegate.m */,
				66FC1C38181CBD49009136E3 /* Main.storyboard */,
				66FC1C3B181CBD49009136E3 /* ViewController.h */,
				66FC1C3C181CBD49009136E3 /* ViewController.m */,
				66FC1C3E181CBD49009136E3 /* Images.xcassets */,
				66FC1C2D181CBD49009136E3 /* Supporting Files */,
				66FC1C5B181CBD9B009136E3 /* ViewController1.h */,
				66FC1C5C181CBD9B009136E3 /* ViewController1.m */,
				6608082E181D286F004E3C33 /* ViewController2.h */,
				6608082F181D286F004E3C33 /* ViewController2.m */,
			);
			path = Day09;
			sourceTree = "<group>";
		};
		66FC1C2D181CBD49009136E3 /* Supporting Files */ = {
			isa = PBXGroup;
			children = (
				66FC1C2E181CBD49009136E3 /* Day09-Info.plist */,
				66FC1C2F181CBD49009136E3 /* InfoPlist.strings */,
				66FC1C32181CBD49009136E3 /* main.m */,
				66FC1C34181CBD49009136E3 /* Day09-Prefix.pch */,
			);
			name = "Supporting Files";
			sourceTree = "<group>";
		};
		66FC1C4B181CBD49009136E3 /* Day09Tests */ = {
			isa = PBXGroup;
			children = (
				66FC1C51181CBD49009136E3 /* Day09Tests.m */,
				66FC1C4C181CBD49009136E3 /* Supporting Files */,
			);
			path = Day09Tests;
			sourceTree = "<group>";
		};
		66FC1C4C181CBD49009136E3 /* Supporting Files */ = {
			isa = PBXGroup;
			children = (
				66FC1C4D181CBD49009136E3 /* Day09Tests-Info.plist */,
				66FC1C4E181CBD49009136E3 /* InfoPlist.strings */,
			);
			name = "Supporting Files";
			sourceTree = "<group>";
		};
/* End PBXGroup section */

/* Begin PBXNativeTarget section */
		66FC1C22181CBD49009136E3 /* Day09 */ = {
			isa = PBXNativeTarget;
			buildConfigurationList = 66FC1C55181CBD49009136E3 /* Build configuration list for PBXNativeTarget "Day09" */;
			buildPhases = (
				66FC1C1F181CBD49009136E3 /* Sources */,
				66FC1C20181CBD49009136E3 /* Frameworks */,
				66FC1C21181CBD49009136E3 /* Resources */,
			);
			buildRules = (
			);
			dependencies = (
			);
			name = Day09;
			productName = Day09;
			productReference = 66FC1C23181CBD49009136E3 /* Day09.app */;
			productType = "com.apple.product-type.application";
		};
		66FC1C43181CBD49009136E3 /* Day09Tests */ = {
			isa = PBXNativeTarget;
			buildConfigurationList = 66FC1C58181CBD49009136E3 /* Build configuration list for PBXNativeTarget "Day09Tests" */;
			buildPhases = (
				66FC1C40181CBD49009136E3 /* Sources */,
				66FC1C41181CBD49009136E3 /* Frameworks */,
				66FC1C42181CBD49009136E3 /* Resources */,
			);
			buildRules = (
			);
			dependencies = (
				66FC1C4A181CBD49009136E3 /* PBXTargetDependency */,
			);
			name = Day09Tests;
			productName = Day09Tests;
			productReference = 66FC1C44181CBD49009136E3 /* Day09Tests.xctest */;
			productType = "com.apple.product-type.bundle.unit-test";
		};
/* End PBXNativeTarget section */

/* Begin PBXProject section */
		66FC1C1B181CBD49009136E3 /* Project object */ = {
			isa = PBXProject;
			attributes = {
				LastUpgradeCheck = 0500;
				ORGANIZATIONNAME = MAC;
				TargetAttributes = {
					66FC1C43181CBD49009136E3 = {
						TestTargetID = 66FC1C22181CBD49009136E3;
					};
				};
			};
			buildConfigurationList = 66FC1C1E181CBD49009136E3 /* Build configuration list for PBXProject "Day09" */;
			compatibilityVersion = "Xcode 3.2";
			developmentRegion = English;
			hasScannedForEncodings = 0;
			knownRegions = (
				en,
				Base,
			);
			mainGroup = 66FC1C1A181CBD49009136E3;
			productRefGroup = 66FC1C24181CBD49009136E3 /* Products */;
			projectDirPath = "";
			projectRoot = "";
			targets = (
				66FC1C22181CBD49009136E3 /* Day09 */,
				66FC1C43181CBD49009136E3 /* Day09Tests */,
			);
		};
/* End PBXProject section */

/* Begin PBXResourcesBuildPhase section */
		66FC1C21181CBD49009136E3 /* Resources */ = {
			isa = PBXResourcesBuildPhase;
			buildActionMask = 2147483647;
			files = (
				66FC1C3F181CBD49009136E3 /* Images.xcassets in Resources */,
				66FC1C31181CBD49009136E3 /* InfoPlist.strings in Resources */,
				66FC1C3A181CBD49009136E3 /* Main.storyboard in Resources */,
			);
			runOnlyForDeploymentPostprocessing = 0;
		};
		66FC1C42181CBD49009136E3 /* Resources */ = {
			isa = PBXResourcesBuildPhase;
			buildActionMask = 2147483647;
			files = (
				66FC1C50181CBD49009136E3 /* InfoPlist.strings in Resources */,
			);
			runOnlyForDeploymentPostprocessing = 0;
		};
/* End PBXResourcesBuildPhase section */

/* Begin PBXSourcesBuildPhase section */
		66FC1C1F181CBD49009136E3 /* Sources */ = {
			isa = PBXSourcesBuildPhase;
			buildActionMask = 2147483647;
			files = (
				66FC1C5D181CBD9B009136E3 /* ViewController1.m in Sources */,
				66FC1C3D181CBD49009136E3 /* ViewController.m in Sources */,
				66080830181D286F004E3C33 /* ViewController2.m in Sources */,
				66FC1C37181CBD49009136E3 /* AppDelegate.m in Sources */,
				66FC1C33181CBD49009136E3 /* main.m in Sources */,
			);
			runOnlyForDeploymentPostprocessing = 0;
		};
		66FC1C40181CBD49009136E3 /* Sources */ = {
			isa = PBXSourcesBuildPhase;
			buildActionMask = 2147483647;
			files = (
				66FC1C52181CBD49009136E3 /* Day09Tests.m in Sources */,
			);
			runOnlyForDeploymentPostprocessing = 0;
		};
/* End PBXSourcesBuildPhase section */

/* Begin PBXTargetDependency section */
		66FC1C4A181CBD49009136E3 /* PBXTargetDependency */ = {
			isa = PBXTargetDependency;
			target = 66FC1C22181CBD49009136E3 /* Day09 */;
			targetProxy = 66FC1C49181CBD49009136E3 /* PBXContainerItemProxy */;
		};
/* End PBXTargetDependency section */

/* Begin PBXVariantGroup section */
		66FC1C2F181CBD49009136E3 /* InfoPlist.strings */ = {
			isa = PBXVariantGroup;
			children = (
				66FC1C30181CBD49009136E3 /* en */,
			);
			name = InfoPlist.strings;
			sourceTree = "<group>";
		};
		66FC1C38181CBD49009136E3 /* Main.storyboard */ = {
			isa = PBXVariantGroup;
			children = (
				66FC1C39181CBD49009136E3 /* Base */,
			);
			name = Main.storyboard;
			sourceTree = "<group>";
		};
		66FC1C4E181CBD49009136E3 /* InfoPlist.strings */ = {
			isa = PBXVariantGroup;
			children = (
				66FC1C4F181CBD49009136E3 /* en */,
			);
			name = InfoPlist.strings;
			sourceTree = "<group>";
		};
/* End PBXVariantGroup section */

/* Begin XCBuildConfiguration section */
		66FC1C53181CBD49009136E3 /* Debug */ = {
			isa = XCBuildConfiguration;
			buildSettings = {
				ALWAYS_SEARCH_USER_PATHS = NO;
				ARCHS = "$(ARCHS_STANDARD_INCLUDING_64_BIT)";
				CLANG_CXX_LANGUAGE_STANDARD = "gnu++0x";
				CLANG_CXX_LIBRARY = "libc++";
				CLANG_ENABLE_MODULES = YES;
				CLANG_ENABLE_OBJC_ARC = YES;
				CLANG_WARN_BOOL_CONVERSION = YES;
				CLANG_WARN_CONSTANT_CONVERSION = YES;
				CLANG_WARN_DIRECT_OBJC_ISA_USAGE = YES_ERROR;
				CLANG_WARN_EMPTY_BODY = YES;
				CLANG_WARN_ENUM_CONVERSION = YES;
				CLANG_WARN_INT_CONVERSION = YES;
				CLANG_WARN_OBJC_ROOT_CLASS = YES_ERROR;
				CLANG_WARN__DUPLICATE_METHOD_MATCH = YES;
				"CODE_SIGN_IDENTITY[sdk=iphoneos*]" = "iPhone Developer";
				COPY_PHASE_STRIP = NO;
				GCC_C_LANGUAGE_STANDARD = gnu99;
				GCC_DYNAMIC_NO_PIC = NO;
				GCC_OPTIMIZATION_LEVEL = 0;
				GCC_PREPROCESSOR_DEFINITIONS = (
					"DEBUG=1",
					"$(inherited)",
				);
				GCC_SYMBOLS_PRIVATE_EXTERN = NO;
				GCC_WARN_64_TO_32_BIT_CONVERSION = YES;
				GCC_WARN_ABOUT_RETURN_TYPE = YES_ERROR;
				GCC_WARN_UNDECLARED_SELECTOR = YES;
				GCC_WARN_UNINITIALIZED_AUTOS = YES;
				GCC_WARN_UNUSED_FUNCTION = YES;
				GCC_WARN_UNUSED_VARIABLE = YES;
				IPHONEOS_DEPLOYMENT_TARGET = 7.0;
				ONLY_ACTIVE_ARCH = YES;
				SDKROOT = iphoneos;
			};
			name = Debug;
		};
		66FC1C54181CBD49009136E3 /* Release */ = {
			isa = XCBuildConfiguration;
			buildSettings = {
				ALWAYS_SEARCH_USER_PATHS = NO;
				ARCHS = "$(ARCHS_STANDARD_INCLUDING_64_BIT)";
				CLANG_CXX_LANGUAGE_STANDARD = "gnu++0x";
				CLANG_CXX_LIBRARY = "libc++";
				CLANG_ENABLE_MODULES = YES;
				CLANG_ENABLE_OBJC_ARC = YES;
				CLANG_WARN_BOOL_CONVERSION = YES;
				CLANG_WARN_CONSTANT_CONVERSION = YES;
				CLANG_WARN_DIRECT_OBJC_ISA_USAGE = YES_ERROR;
				CLANG_WARN_EMPTY_BODY = YES;
				CLANG_WARN_ENUM_CONVERSION = YES;
				CLANG_WARN_INT_CONVERSION = YES;
				CLANG_WARN_OBJC_ROOT_CLASS = YES_ERROR;
				CLANG_WARN__DUPLICATE_METHOD_MATCH = YES;
				"CODE_SIGN_IDENTITY[sdk=iphoneos*]" = "iPhone Developer";
				COPY_PHASE_STRIP = YES;
				ENABLE_NS_ASSERTIONS = NO;
				GCC_C_LANGUAGE_STANDARD = gnu99;
				GCC_WARN_64_TO_32_BIT_CONVERSION = YES;
				GCC_WARN_ABOUT_RETURN_TYPE = YES_ERROR;
				GCC_WARN_UNDECLARED_SELECTOR = YES;
				GCC_WARN_UNINITIALIZED_AUTOS = YES;
				GCC_WARN_UNUSED_FUNCTION = YES;
				GCC_WARN_UNUSED_VARIABLE = YES;
				IPHONEOS_DEPLOYMENT_TARGET = 7.0;
				SDKROOT = iphoneos;
				VALIDATE_PRODUCT = YES;
			};
			name = Release;
		};
		66FC1C56181CBD49009136E3 /* Debug */ = {
			isa = XCBuildConfiguration;
			buildSettings = {
				ASSETCATALOG_COMPILER_APPICON_NAME = AppIcon;
				ASSETCATALOG_COMPILER_LAUNCHIMAGE_NAME = LaunchImage;
				GCC_PRECOMPILE_PREFIX_HEADER = YES;
				GCC_PREFIX_HEADER = "Day09/Day09-Prefix.pch";
				INFOPLIST_FILE = "Day09/Day09-Info.plist";
				PRODUCT_NAME = "$(TARGET_NAME)";
				WRAPPER_EXTENSION = app;
			};
			name = Debug;
		};
		66FC1C57181CBD49009136E3 /* Release */ = {
			isa = XCBuildConfiguration;
			buildSettings = {
				ASSETCATALOG_COMPILER_APPICON_NAME = AppIcon;
				ASSETCATALOG_COMPILER_LAUNCHIMAGE_NAME = LaunchImage;
				GCC_PRECOMPILE_PREFIX_HEADER = YES;
				GCC_PREFIX_HEADER = "Day09/Day09-Prefix.pch";
				INFOPLIST_FILE = "Day09/Day09-Info.plist";
				PRODUCT_NAME = "$(TARGET_NAME)";
				WRAPPER_EXTENSION = app;
			};
			name = Release;
		};
		66FC1C59181CBD49009136E3 /* Debug */ = {
			isa = XCBuildConfiguration;
			buildSettings = {
				ARCHS = "$(ARCHS_STANDARD_INCLUDING_64_BIT)";
				BUNDLE_LOADER = "$(BUILT_PRODUCTS_DIR)/Day09.app/Day09";
				FRAMEWORK_SEARCH_PATHS = (
					"$(SDKROOT)/Developer/Library/Frameworks",
					"$(inherited)",
					"$(DEVELOPER_FRAMEWORKS_DIR)",
				);
				GCC_PRECOMPILE_PREFIX_HEADER = YES;
				GCC_PREFIX_HEADER = "Day09/Day09-Prefix.pch";
				GCC_PREPROCESSOR_DEFINITIONS = (
					"DEBUG=1",
					"$(inherited)",
				);
				INFOPLIST_FILE = "Day09Tests/Day09Tests-Info.plist";
				PRODUCT_NAME = "$(TARGET_NAME)";
				TEST_HOST = "$(BUNDLE_LOADER)";
				WRAPPER_EXTENSION = xctest;
			};
			name = Debug;
		};
		66FC1C5A181CBD49009136E3 /* Release */ = {
			isa = XCBuildConfiguration;
			buildSettings = {
				ARCHS = "$(ARCHS_STANDARD_INCLUDING_64_BIT)";
				BUNDLE_LOADER = "$(BUILT_PRODUCTS_DIR)/Day09.app/Day09";
				FRAMEWORK_SEARCH_PATHS = (
					"$(SDKROOT)/Developer/Library/Frameworks",
					"$(inherited)",
					"$(DEVELOPER_FRAMEWORKS_DIR)",
				);
				GCC_PRECOMPILE_PREFIX_HEADER = YES;
				GCC_PREFIX_HEADER = "Day09/Day09-Prefix.pch";
				INFOPLIST_FILE = "Day09Tests/Day09Tests-Info.plist";
				PRODUCT_NAME = "$(TARGET_NAME)";
				TEST_HOST = "$(BUNDLE_LOADER)";
				WRAPPER_EXTENSION = xctest;
			};
			name = Release;
		};
/* End XCBuildConfiguration section */

/* Begin XCConfigurationList section */
		66FC1C1E181CBD49009136E3 /* Build configuration list for PBXProject "Day09" */ = {
			isa = XCConfigurationList;
			buildConfigurations = (
				66FC1C53181CBD49009136E3 /* Debug */,
				66FC1C54181CBD49009136E3 /* Release */,
			);
			defaultConfigurationIsVisible = 0;
			defaultConfigurationName = Release;
		};
		66FC1C55181CBD49009136E3 /* Build configuration list for PBXNativeTarget "Day09" */ = {
			isa = XCConfigurationList;
			buildConfigurations = (
				66FC1C56181CBD49009136E3 /* Debug */,
				66FC1C57181CBD49009136E3 /* Release */,
			);
			defaultConfigurationIsVisible = 0;
			defaultConfigurationName = Release;
		};
		66FC1C58181CBD49009136E3 /* Build configuration list for PBXNativeTarget "Day09Tests" */ = {
			isa = XCConfigurationList;
			buildConfigurations = (
				66FC1C59181CBD49009136E3 /* Debug */,
				66FC1C5A181CBD49009136E3 /* Release */,
			);
			defaultConfigurationIsVisible = 0;
			defaultConfigurationName = Release;
		};
/* End XCConfigurationList section */
	};
	rootObject = 66FC1C1B181CBD49009136E3 /* Project object */;
}
